{
  "name": "metaverse",
  "version": "1.0.0",
  "lockfileVersion": 1,
  "requires": true,
  "dependencies": {
    "asynckit": {
      "version": "0.4.0",
      "resolved": "https://registry.npmjs.org/asynckit/-/asynckit-0.4.0.tgz",
      "integrity": "sha1-x57Zf380y48robyXkLzDZkdLS3k="
    },
    "canvas": {
      "version": "2.0.0-alpha.5",
      "resolved": "https://registry.npmjs.org/canvas/-/canvas-2.0.0-alpha.5.tgz",
      "integrity": "sha512-ozqQOXoydM3dg+k/0aJ1IfmogVAIPtTby9bHRkR0LsD+OnRvH/pdYngbkxBxi5FCifnpSXp3YLTVlTJ5sCeFYw==",
      "requires": {
        "nan": "2.7.0"
      }
    },
    "combined-stream": {
      "version": "1.0.5",
      "resolved": "https://registry.npmjs.org/combined-stream/-/combined-stream-1.0.5.tgz",
      "integrity": "sha1-k4NwpXtKUd6ix3wV1cX9+JUWQAk=",
      "requires": {
        "delayed-stream": "1.0.0"
      }
    },
    "delayed-stream": {
      "version": "1.0.0",
      "resolved": "https://registry.npmjs.org/delayed-stream/-/delayed-stream-1.0.0.tgz",
      "integrity": "sha1-3zrhmayt+31ECqrgsp4icrJOxhk="
    },
    "errno": {
      "version": "0.1.4",
      "resolved": "https://registry.npmjs.org/errno/-/errno-0.1.4.tgz",
      "integrity": "sha1-uJbiOp5ei6M4cfyZar02NfyaHH0=",
      "requires": {
        "prr": "0.0.0"
      }
    },
    "form-data": {
      "version": "2.3.1",
      "resolved": "https://registry.npmjs.org/form-data/-/form-data-2.3.1.tgz",
      "integrity": "sha1-b7lPvXGIUwbXPRXMSX/kzE7NRL8=",
      "requires": {
        "asynckit": "0.4.0",
        "combined-stream": "1.0.5",
        "mime-types": "2.1.17"
      }
    },
    "mime-db": {
      "version": "1.30.0",
      "resolved": "https://registry.npmjs.org/mime-db/-/mime-db-1.30.0.tgz",
      "integrity": "sha1-dMZD2i3Z1qRTmZY0ZbJtXKfXHwE="
    },
    "mime-types": {
      "version": "2.1.17",
      "resolved": "https://registry.npmjs.org/mime-types/-/mime-types-2.1.17.tgz",
      "integrity": "sha1-Cdejk/A+mVp5+K+Fe3Cp4KsWVXo=",
      "requires": {
        "mime-db": "1.30.0"
      }
    },
    "nan": {
      "version": "2.7.0",
      "resolved": "https://registry.npmjs.org/nan/-/nan-2.7.0.tgz",
      "integrity": "sha1-2Vv3IeyHfgjbJ27T/G63j5CDrUY="
    },
    "pixl-class": {
      "version": "1.0.2",
      "resolved": "https://registry.npmjs.org/pixl-class/-/pixl-class-1.0.2.tgz",
      "integrity": "sha1-u+q88qnjqKp95SNYq1LfEtPiTf0="
    },
    "pixl-perf": {
      "version": "1.0.3",
      "resolved": "https://registry.npmjs.org/pixl-perf/-/pixl-perf-1.0.3.tgz",
      "integrity": "sha1-Hmqq4a6weRzGo4aUePxqIYWpGVI=",
      "requires": {
        "pixl-class": "1.0.2"
      }
    },
    "pixl-request": {
      "version": "1.0.17",
      "resolved": "https://registry.npmjs.org/pixl-request/-/pixl-request-1.0.17.tgz",
      "integrity": "sha1-2XRj5aAeq89wnNearKxi1QiqevQ=",
      "requires": {
        "errno": "0.1.4",
        "form-data": "2.3.1",
        "pixl-class": "1.0.2",
        "pixl-perf": "1.0.3",
        "pixl-xml": "1.0.13"
      }
    },
    "pixl-xml": {
      "version": "1.0.13",
      "resolved": "https://registry.npmjs.org/pixl-xml/-/pixl-xml-1.0.13.tgz",
      "integrity": "sha1-W6cUCL3zeZTCOd0BJRwQxTwFh+M="
    },
    "prr": {
      "version": "0.0.0",
      "resolved": "https://registry.npmjs.org/prr/-/prr-0.0.0.tgz",
      "integrity": "sha1-GoS4WQgyVQFBGFPQCB7j+obikmo="
    }
  }
}
